
Microsoft Visual Studio Solution File, Format Version 12.00
# Visual Studio 14
VisualStudioVersion = 14.0.25420.1
MinimumVisualStudioVersion = 10.0.40219.1
Project("{A07B5EB6-E848-4116-A8D0-A826331D98C6}") = "Voting", "Voting\Voting.sfproj", "{8D22CEA7-6E3B-4E4D-8385-20BCF3FC3086}"
EndProject
Project("{FAE04EC0-301F-11D3-BF4B-00C04F79EFBC}") = "VotingService", "VotingService\VotingService.csproj", "{4376C67D-442B-4228-A350-E84DFB914FAB}"
EndProject
Project("{FAE04EC0-301F-11D3-BF4B-00C04F79EFBC}") = "VotingDataService", "VotingDataService\VotingDataService.csproj", "{586454E0-15EF-4139-9E8D-BB336A90B177}"
EndProject
Project("{2150E333-8FDC-42A3-9474-1A3956D46DE8}") = "SolutionFolder", "SolutionFolder", "{BA14E817-008C-49B6-BB50-0CC3A9C7432B}"
	ProjectSection(SolutionItems) = preProject
		bootstrap.min.css = bootstrap.min.css
		SF_PowerShellCommands.ps1 = SF_PowerShellCommands.ps1
	EndProjectSection
EndProject
Global
	GlobalSection(SolutionConfigurationPlatforms) = preSolution
		Debug|x64 = Debug|x64
		Release|x64 = Release|x64
	EndGlobalSection
	GlobalSection(ProjectConfigurationPlatforms) = postSolution
		{8D22CEA7-6E3B-4E4D-8385-20BCF3FC3086}.Debug|x64.ActiveCfg = Debug|x64
		{8D22CEA7-6E3B-4E4D-8385-20BCF3FC3086}.Debug|x64.Build.0 = Debug|x64
		{8D22CEA7-6E3B-4E4D-8385-20BCF3FC3086}.Debug|x64.Deploy.0 = Debug|x64
		{8D22CEA7-6E3B-4E4D-8385-20BCF3FC3086}.Release|x64.ActiveCfg = Release|x64
		{8D22CEA7-6E3B-4E4D-8385-20BCF3FC3086}.Release|x64.Build.0 = Release|x64
		{8D22CEA7-6E3B-4E4D-8385-20BCF3FC3086}.Release|x64.Deploy.0 = Release|x64
		{4376C67D-442B-4228-A350-E84DFB914FAB}.Debug|x64.ActiveCfg = Debug|x64
		{4376C67D-442B-4228-A350-E84DFB914FAB}.Debug|x64.Build.0 = Debug|x64
		{4376C67D-442B-4228-A350-E84DFB914FAB}.Release|x64.ActiveCfg = Release|x64
		{4376C67D-442B-4228-A350-E84DFB914FAB}.Release|x64.Build.0 = Release|x64
		{586454E0-15EF-4139-9E8D-BB336A90B177}.Debug|x64.ActiveCfg = Debug|x64
		{586454E0-15EF-4139-9E8D-BB336A90B177}.Debug|x64.Build.0 = Debug|x64
		{586454E0-15EF-4139-9E8D-BB336A90B177}.Release|x64.ActiveCfg = Release|x64
		{586454E0-15EF-4139-9E8D-BB336A90B177}.Release|x64.Build.0 = Release|x64
	EndGlobalSection
	GlobalSection(SolutionProperties) = preSolution
		HideSolutionNode = FALSE
	EndGlobalSection
EndGlobal
